
Microsoft Visual Studio Solution File, Format Version 12.00
# Visual Studio Version 17
VisualStudioVersion = 17.9.34701.34
MinimumVisualStudioVersion = 10.0.40219.1
Project("{FAE04EC0-301F-11D3-BF4B-00C04F79EFBC}") = "ContactsAPI", "ContactsAPI\ContactsAPI.csproj", "{897D8796-F8B7-406A-86D2-9B1878125BAF}"
EndProject
Global
	GlobalSection(SolutionConfigurationPlatforms) = preSolution
		Debug|Any CPU = Debug|Any CPU
		Release|Any CPU = Release|Any CPU
	EndGlobalSection
	GlobalSection(ProjectConfigurationPlatforms) = postSolution
		{897D8796-F8B7-406A-86D2-9B1878125BAF}.Debug|Any CPU.ActiveCfg = Debug|Any CPU
		{897D8796-F8B7-406A-86D2-9B1878125BAF}.Debug|Any CPU.Build.0 = Debug|Any CPU
		{897D8796-F8B7-406A-86D2-9B1878125BAF}.Release|Any CPU.ActiveCfg = Release|Any CPU
		{897D8796-F8B7-406A-86D2-9B1878125BAF}.Release|Any CPU.Build.0 = Release|Any CPU
	EndGlobalSection
	GlobalSection(SolutionProperties) = preSolution
		HideSolutionNode = FALSE
	EndGlobalSection
	GlobalSection(ExtensibilityGlobals) = postSolution
		SolutionGuid = {105A586B-C07E-4F9B-883D-21DCC440591A}
	EndGlobalSection
EndGlobal
